
Microsoft Visual Studio Solution File, Format Version 12.00
# Visual Studio Version 17
VisualStudioVersion = 17.11.35312.102
MinimumVisualStudioVersion = 10.0.40219.1
Project("{FAE04EC0-301F-11D3-BF4B-00C04F79EFBC}") = "LabWork12", "LabWork12\LabWork12.csproj", "{AD0349B7-EEC7-440F-B798-7BA4E5DD2F23}"
EndProject
Global
	GlobalSection(SolutionConfigurationPlatforms) = preSolution
		Debug|Any CPU = Debug|Any CPU
		Release|Any CPU = Release|Any CPU
	EndGlobalSection
	GlobalSection(ProjectConfigurationPlatforms) = postSolution
		{AD0349B7-EEC7-440F-B798-7BA4E5DD2F23}.Debug|Any CPU.ActiveCfg = Debug|Any CPU
		{AD0349B7-EEC7-440F-B798-7BA4E5DD2F23}.Debug|Any CPU.Build.0 = Debug|Any CPU
		{AD0349B7-EEC7-440F-B798-7BA4E5DD2F23}.Release|Any CPU.ActiveCfg = Release|Any CPU
		{AD0349B7-EEC7-440F-B798-7BA4E5DD2F23}.Release|Any CPU.Build.0 = Release|Any CPU
	EndGlobalSection
	GlobalSection(SolutionProperties) = preSolution
		HideSolutionNode = FALSE
	EndGlobalSection
	GlobalSection(ExtensibilityGlobals) = postSolution
		SolutionGuid = {35A1C644-9AC7-450D-969E-CCABA55A2807}
	EndGlobalSection
EndGlobal
