
Microsoft Visual Studio Solution File, Format Version 12.00
# Visual Studio Version 17
VisualStudioVersion = 17.11.35312.102
MinimumVisualStudioVersion = 10.0.40219.1
Project("{9A19103F-16F7-4668-BE54-9A1E7A4F7556}") = "LabWork8", "ConsoleAppTerminalGUI\LabWork8.csproj", "{246EE106-CEF5-4D42-82D0-991592F27E07}"
EndProject
Global
	GlobalSection(SolutionConfigurationPlatforms) = preSolution
		Debug|Any CPU = Debug|Any CPU
		Release|Any CPU = Release|Any CPU
	EndGlobalSection
	GlobalSection(ProjectConfigurationPlatforms) = postSolution
		{246EE106-CEF5-4D42-82D0-991592F27E07}.Debug|Any CPU.ActiveCfg = Debug|Any CPU
		{246EE106-CEF5-4D42-82D0-991592F27E07}.Debug|Any CPU.Build.0 = Debug|Any CPU
		{246EE106-CEF5-4D42-82D0-991592F27E07}.Release|Any CPU.ActiveCfg = Release|Any CPU
		{246EE106-CEF5-4D42-82D0-991592F27E07}.Release|Any CPU.Build.0 = Release|Any CPU
	EndGlobalSection
	GlobalSection(SolutionProperties) = preSolution
		HideSolutionNode = FALSE
	EndGlobalSection
	GlobalSection(ExtensibilityGlobals) = postSolution
		SolutionGuid = {18592B99-1D30-4F13-B236-27F35DE1E790}
	EndGlobalSection
EndGlobal
