
Microsoft Visual Studio Solution File, Format Version 12.00
# Visual Studio Version 17
VisualStudioVersion = 17.11.35312.102
MinimumVisualStudioVersion = 10.0.40219.1
Project("{FAE04EC0-301F-11D3-BF4B-00C04F79EFBC}") = "LabWork13Server", "LabWork13\LabWork13Server.csproj", "{69560CA0-EE5E-4A06-A4F4-AD40484277FF}"
EndProject
Project("{FAE04EC0-301F-11D3-BF4B-00C04F79EFBC}") = "LabWork13Client", "LabWork13Client\LabWork13Client.csproj", "{21A29AE3-8374-4FCA-A0DC-2A052A1E5FA4}"
EndProject
Global
	GlobalSection(SolutionConfigurationPlatforms) = preSolution
		Debug|Any CPU = Debug|Any CPU
		Release|Any CPU = Release|Any CPU
	EndGlobalSection
	GlobalSection(ProjectConfigurationPlatforms) = postSolution
		{69560CA0-EE5E-4A06-A4F4-AD40484277FF}.Debug|Any CPU.ActiveCfg = Debug|Any CPU
		{69560CA0-EE5E-4A06-A4F4-AD40484277FF}.Debug|Any CPU.Build.0 = Debug|Any CPU
		{69560CA0-EE5E-4A06-A4F4-AD40484277FF}.Release|Any CPU.ActiveCfg = Release|Any CPU
		{69560CA0-EE5E-4A06-A4F4-AD40484277FF}.Release|Any CPU.Build.0 = Release|Any CPU
		{21A29AE3-8374-4FCA-A0DC-2A052A1E5FA4}.Debug|Any CPU.ActiveCfg = Debug|Any CPU
		{21A29AE3-8374-4FCA-A0DC-2A052A1E5FA4}.Debug|Any CPU.Build.0 = Debug|Any CPU
		{21A29AE3-8374-4FCA-A0DC-2A052A1E5FA4}.Release|Any CPU.ActiveCfg = Release|Any CPU
		{21A29AE3-8374-4FCA-A0DC-2A052A1E5FA4}.Release|Any CPU.Build.0 = Release|Any CPU
	EndGlobalSection
	GlobalSection(SolutionProperties) = preSolution
		HideSolutionNode = FALSE
	EndGlobalSection
	GlobalSection(ExtensibilityGlobals) = postSolution
		SolutionGuid = {317F747F-0799-4C3A-B9DB-6D130941E475}
	EndGlobalSection
EndGlobal
